// !$*UTF8*$!
{
	archiveVersion = 1;
	classes = {
	};
	objectVersion = 52;
	objects = {

/* Begin PBXBuildFile section */
		5B259CCA1D6630E0001D755F /* AppDelegate.swift in Sources */ = {isa = PBXBuildFile; fileRef = 5B259CC91D6630E0001D755F /* AppDelegate.swift */; };
		5B259CD11D6630E0001D755F /* Assets.xcassets in Resources */ = {isa = PBXBuildFile; fileRef = 5B259CD01D6630E0001D755F /* Assets.xcassets */; };
		5B259CD41D6630E0001D755F /* LaunchScreen.storyboard in Resources */ = {isa = PBXBuildFile; fileRef = 5B259CD21D6630E0001D755F /* LaunchScreen.storyboard */; };
		5B2675A21D674B400015A238 /* ListEvents.swift in Sources */ = {isa = PBXBuildFile; fileRef = 5B2675A11D674B400015A238 /* ListEvents.swift */; };
		5B302A8F1D663A8500FA2FFD /* ProductListComponent.swift in Sources */ = {isa = PBXBuildFile; fileRef = 5B302A8E1D663A8500FA2FFD /* ProductListComponent.swift */; };
		5BEF08121D6632EC006BF0C0 /* ListCoordinator.swift in Sources */ = {isa = PBXBuildFile; fileRef = 5BEF08111D6632EC006BF0C0 /* ListCoordinator.swift */; };
		5BEF08141D663304006BF0C0 /* ListViewController.swift in Sources */ = {isa = PBXBuildFile; fileRef = 5BEF08131D663304006BF0C0 /* ListViewController.swift */; };
		5BEF08161D66333C006BF0C0 /* ListViewState.swift in Sources */ = {isa = PBXBuildFile; fileRef = 5BEF08151D66333C006BF0C0 /* ListViewState.swift */; };
		5BEF081F1D663598006BF0C0 /* ProductListView.swift in Sources */ = {isa = PBXBuildFile; fileRef = 5BEF081E1D663598006BF0C0 /* ProductListView.swift */; };
		5BEF08211D6635B2006BF0C0 /* ProductListView.xib in Resources */ = {isa = PBXBuildFile; fileRef = 5BEF08201D6635B2006BF0C0 /* ProductListView.xib */; };
		C5C0528B23886699002A586D /* Tempo.framework in Frameworks */ = {isa = PBXBuildFile; fileRef = C5C0528723886616002A586D /* Tempo.framework */; };
		CC42A00326D2B6C00031B747 /* SDWebImage in Frameworks */ = {isa = PBXBuildFile; productRef = CC42A00226D2B6C00031B747 /* SDWebImage */; };
		CC42A00626D2D5B20031B747 /* DealsDetailsService.swift in Sources */ = {isa = PBXBuildFile; fileRef = CC42A00526D2D5B20031B747 /* DealsDetailsService.swift */; };
		CC42A00926D2D5D60031B747 /* DealsService.swift in Sources */ = {isa = PBXBuildFile; fileRef = CC42A00826D2D5D60031B747 /* DealsService.swift */; };
		CC42A00E26D2D6BB0031B747 /* DetailView.xib in Resources */ = {isa = PBXBuildFile; fileRef = CC42A00D26D2D6BA0031B747 /* DetailView.xib */; };
		CC42A01126D2DC640031B747 /* DetailView.swift in Sources */ = {isa = PBXBuildFile; fileRef = CC42A01026D2DC640031B747 /* DetailView.swift */; };
		CC42A01626D3561B0031B747 /* DetailComponent.swift in Sources */ = {isa = PBXBuildFile; fileRef = CC42A01526D3561B0031B747 /* DetailComponent.swift */; };
		CCABC83D26D5EBF500700656 /* ProductViewerUnitTests.swift in Sources */ = {isa = PBXBuildFile; fileRef = CCABC83C26D5EBF500700656 /* ProductViewerUnitTests.swift */; };
		CCABC84726D6B2E300700656 /* DetailViewState.swift in Sources */ = {isa = PBXBuildFile; fileRef = CCABC84626D6B2E300700656 /* DetailViewState.swift */; };
		CCBA45E826D0C7C800951A31 /* Service.swift in Sources */ = {isa = PBXBuildFile; fileRef = CCBA45E726D0C7C800951A31 /* Service.swift */; };
		CCBA45EC26D0CDDC00951A31 /* ProductResponse.swift in Sources */ = {isa = PBXBuildFile; fileRef = CCBA45EB26D0CDDC00951A31 /* ProductResponse.swift */; };
		CCFC755E26D120F20030A044 /* DetailCoordinator.swift in Sources */ = {isa = PBXBuildFile; fileRef = CCFC755D26D120F20030A044 /* DetailCoordinator.swift */; };
		CCFC756126D172080030A044 /* DetailViewController.swift in Sources */ = {isa = PBXBuildFile; fileRef = CCFC756026D172080030A044 /* DetailViewController.swift */; };
/* End PBXBuildFile section */

/* Begin PBXContainerItemProxy section */
		CCABC83F26D5EBF500700656 /* PBXContainerItemProxy */ = {
			isa = PBXContainerItemProxy;
			containerPortal = 5B259CBE1D6630E0001D755F /* Project object */;
			proxyType = 1;
			remoteGlobalIDString = 5B259CC51D6630E0001D755F;
			remoteInfo = ProductViewer;
		};
/* End PBXContainerItemProxy section */

/* Begin PBXFileReference section */
		5B259CC61D6630E0001D755F /* ProductViewer.app */ = {isa = PBXFileReference; explicitFileType = wrapper.application; includeInIndex = 0; path = ProductViewer.app; sourceTree = BUILT_PRODUCTS_DIR; };
		5B259CC91D6630E0001D755F /* AppDelegate.swift */ = {isa = PBXFileReference; lastKnownFileType = sourcecode.swift; path = AppDelegate.swift; sourceTree = "<group>"; };
		5B259CD01D6630E0001D755F /* Assets.xcassets */ = {isa = PBXFileReference; lastKnownFileType = folder.assetcatalog; path = Assets.xcassets; sourceTree = "<group>"; };
		5B259CD31D6630E0001D755F /* Base */ = {isa = PBXFileReference; lastKnownFileType = file.storyboard; name = Base; path = Base.lproj/LaunchScreen.storyboard; sourceTree = "<group>"; };
		5B259CD51D6630E0001D755F /* Info.plist */ = {isa = PBXFileReference; lastKnownFileType = text.plist.xml; path = Info.plist; sourceTree = "<group>"; };
		5B2675A11D674B400015A238 /* ListEvents.swift */ = {isa = PBXFileReference; fileEncoding = 4; lastKnownFileType = sourcecode.swift; path = ListEvents.swift; sourceTree = "<group>"; };
		5B302A8E1D663A8500FA2FFD /* ProductListComponent.swift */ = {isa = PBXFileReference; fileEncoding = 4; lastKnownFileType = sourcecode.swift; path = ProductListComponent.swift; sourceTree = "<group>"; };
		5BEF08111D6632EC006BF0C0 /* ListCoordinator.swift */ = {isa = PBXFileReference; fileEncoding = 4; lastKnownFileType = sourcecode.swift; path = ListCoordinator.swift; sourceTree = "<group>"; };
		5BEF08131D663304006BF0C0 /* ListViewController.swift */ = {isa = PBXFileReference; fileEncoding = 4; lastKnownFileType = sourcecode.swift; path = ListViewController.swift; sourceTree = "<group>"; };
		5BEF08151D66333C006BF0C0 /* ListViewState.swift */ = {isa = PBXFileReference; fileEncoding = 4; lastKnownFileType = sourcecode.swift; path = ListViewState.swift; sourceTree = "<group>"; };
		5BEF081E1D663598006BF0C0 /* ProductListView.swift */ = {isa = PBXFileReference; fileEncoding = 4; lastKnownFileType = sourcecode.swift; path = ProductListView.swift; sourceTree = "<group>"; };
		5BEF08201D6635B2006BF0C0 /* ProductListView.xib */ = {isa = PBXFileReference; fileEncoding = 4; lastKnownFileType = file.xib; path = ProductListView.xib; sourceTree = "<group>"; };
		C5C0528723886616002A586D /* Tempo.framework */ = {isa = PBXFileReference; explicitFileType = wrapper.framework; path = Tempo.framework; sourceTree = BUILT_PRODUCTS_DIR; };
		CC42A00526D2D5B20031B747 /* DealsDetailsService.swift */ = {isa = PBXFileReference; lastKnownFileType = sourcecode.swift; path = DealsDetailsService.swift; sourceTree = "<group>"; };
		CC42A00826D2D5D60031B747 /* DealsService.swift */ = {isa = PBXFileReference; lastKnownFileType = sourcecode.swift; path = DealsService.swift; sourceTree = "<group>"; };
		CC42A00D26D2D6BA0031B747 /* DetailView.xib */ = {isa = PBXFileReference; lastKnownFileType = file.xib; path = DetailView.xib; sourceTree = "<group>"; };
		CC42A01026D2DC640031B747 /* DetailView.swift */ = {isa = PBXFileReference; lastKnownFileType = sourcecode.swift; path = DetailView.swift; sourceTree = "<group>"; };
		CC42A01526D3561B0031B747 /* DetailComponent.swift */ = {isa = PBXFileReference; lastKnownFileType = sourcecode.swift; path = DetailComponent.swift; sourceTree = "<group>"; };
		CCABC83A26D5EBF500700656 /* ProductViewerUnitTests.xctest */ = {isa = PBXFileReference; explicitFileType = wrapper.cfbundle; includeInIndex = 0; path = ProductViewerUnitTests.xctest; sourceTree = BUILT_PRODUCTS_DIR; };
		CCABC83C26D5EBF500700656 /* ProductViewerUnitTests.swift */ = {isa = PBXFileReference; lastKnownFileType = sourcecode.swift; path = ProductViewerUnitTests.swift; sourceTree = "<group>"; };
		CCABC83E26D5EBF500700656 /* Info.plist */ = {isa = PBXFileReference; lastKnownFileType = text.plist.xml; path = Info.plist; sourceTree = "<group>"; };
		CCABC84626D6B2E300700656 /* DetailViewState.swift */ = {isa = PBXFileReference; lastKnownFileType = sourcecode.swift; path = DetailViewState.swift; sourceTree = "<group>"; };
		CCBA45E726D0C7C800951A31 /* Service.swift */ = {isa = PBXFileReference; lastKnownFileType = sourcecode.swift; path = Service.swift; sourceTree = "<group>"; };
		CCBA45EB26D0CDDC00951A31 /* ProductResponse.swift */ = {isa = PBXFileReference; lastKnownFileType = sourcecode.swift; path = ProductResponse.swift; sourceTree = "<group>"; };
		CCFC755D26D120F20030A044 /* DetailCoordinator.swift */ = {isa = PBXFileReference; lastKnownFileType = sourcecode.swift; path = DetailCoordinator.swift; sourceTree = "<group>"; };
		CCFC756026D172080030A044 /* DetailViewController.swift */ = {isa = PBXFileReference; lastKnownFileType = sourcecode.swift; path = DetailViewController.swift; sourceTree = "<group>"; };
/* End PBXFileReference section */

/* Begin PBXFrameworksBuildPhase section */
		5B259CC31D6630E0001D755F /* Frameworks */ = {
			isa = PBXFrameworksBuildPhase;
			buildActionMask = 2147483647;
			files = (
				CC42A00326D2B6C00031B747 /* SDWebImage in Frameworks */,
				C5C0528B23886699002A586D /* Tempo.framework in Frameworks */,
			);
			runOnlyForDeploymentPostprocessing = 0;
		};
		CCABC83726D5EBF500700656 /* Frameworks */ = {
			isa = PBXFrameworksBuildPhase;
			buildActionMask = 2147483647;
			files = (
			);
			runOnlyForDeploymentPostprocessing = 0;
		};
/* End PBXFrameworksBuildPhase section */

/* Begin PBXGroup section */
		5B259CBD1D6630E0001D755F = {
			isa = PBXGroup;
			children = (
				5B259CC81D6630E0001D755F /* ProductViewer */,
				CCABC83B26D5EBF500700656 /* ProductViewerUnitTests */,
				5B259CC71D6630E0001D755F /* Products */,
				5B518D921F1010E1005C013B /* Frameworks */,
			);
			sourceTree = "<group>";
		};
		5B259CC71D6630E0001D755F /* Products */ = {
			isa = PBXGroup;
			children = (
				5B259CC61D6630E0001D755F /* ProductViewer.app */,
				CCABC83A26D5EBF500700656 /* ProductViewerUnitTests.xctest */,
			);
			name = Products;
			sourceTree = "<group>";
		};
		5B259CC81D6630E0001D755F /* ProductViewer */ = {
			isa = PBXGroup;
			children = (
				CCBA45E626D0C7B100951A31 /* Detail */,
				CCBA45E526D0C78700951A31 /* Service */,
				5BEF080F1D663283006BF0C0 /* List */,
				5B259CC91D6630E0001D755F /* AppDelegate.swift */,
				5B259CD01D6630E0001D755F /* Assets.xcassets */,
				5B259CD21D6630E0001D755F /* LaunchScreen.storyboard */,
				5B259CD51D6630E0001D755F /* Info.plist */,
			);
			path = ProductViewer;
			sourceTree = "<group>";
		};
		5B518D921F1010E1005C013B /* Frameworks */ = {
			isa = PBXGroup;
			children = (
				C5C0528723886616002A586D /* Tempo.framework */,
			);
			name = Frameworks;
			sourceTree = "<group>";
		};
		5BEF080F1D663283006BF0C0 /* List */ = {
			isa = PBXGroup;
			children = (
				5BEF081D1D663573006BF0C0 /* Components */,
				5BEF08111D6632EC006BF0C0 /* ListCoordinator.swift */,
				5BEF08131D663304006BF0C0 /* ListViewController.swift */,
				5BEF08151D66333C006BF0C0 /* ListViewState.swift */,
				5B2675A11D674B400015A238 /* ListEvents.swift */,
			);
			path = List;
			sourceTree = "<group>";
		};
		5BEF081D1D663573006BF0C0 /* Components */ = {
			isa = PBXGroup;
			children = (
				5BEF081E1D663598006BF0C0 /* ProductListView.swift */,
				5BEF08201D6635B2006BF0C0 /* ProductListView.xib */,
				5B302A8E1D663A8500FA2FFD /* ProductListComponent.swift */,
			);
			path = Components;
			sourceTree = "<group>";
		};
		CC42A01426D356060031B747 /* Component */ = {
			isa = PBXGroup;
			children = (
				CC42A01526D3561B0031B747 /* DetailComponent.swift */,
				CC42A00D26D2D6BA0031B747 /* DetailView.xib */,
				CC42A01026D2DC640031B747 /* DetailView.swift */,
			);
			path = Component;
			sourceTree = "<group>";
		};
		CCABC83B26D5EBF500700656 /* ProductViewerUnitTests */ = {
			isa = PBXGroup;
			children = (
				CCABC83C26D5EBF500700656 /* ProductViewerUnitTests.swift */,
				CCABC83E26D5EBF500700656 /* Info.plist */,
			);
			path = ProductViewerUnitTests;
			sourceTree = "<group>";
		};
		CCBA45E526D0C78700951A31 /* Service */ = {
			isa = PBXGroup;
			children = (
				CCBA45E726D0C7C800951A31 /* Service.swift */,
				CCBA45EB26D0CDDC00951A31 /* ProductResponse.swift */,
				CC42A00526D2D5B20031B747 /* DealsDetailsService.swift */,
				CC42A00826D2D5D60031B747 /* DealsService.swift */,
			);
			path = Service;
			sourceTree = "<group>";
		};
		CCBA45E626D0C7B100951A31 /* Detail */ = {
			isa = PBXGroup;
			children = (
				CC42A01426D356060031B747 /* Component */,
				CCFC755D26D120F20030A044 /* DetailCoordinator.swift */,
				CCFC756026D172080030A044 /* DetailViewController.swift */,
				CCABC84626D6B2E300700656 /* DetailViewState.swift */,
			);
			path = Detail;
			sourceTree = "<group>";
		};
/* End PBXGroup section */

/* Begin PBXNativeTarget section */
		5B259CC51D6630E0001D755F /* ProductViewer */ = {
			isa = PBXNativeTarget;
			buildConfigurationList = 5B259CD81D6630E0001D755F /* Build configuration list for PBXNativeTarget "ProductViewer" */;
			buildPhases = (
				5B259CC21D6630E0001D755F /* Sources */,
				5B259CC31D6630E0001D755F /* Frameworks */,
				5B259CC41D6630E0001D755F /* Resources */,
			);
			buildRules = (
			);
			dependencies = (
			);
			name = ProductViewer;
			packageProductDependencies = (
				CC42A00226D2B6C00031B747 /* SDWebImage */,
			);
			productName = ProductViewer;
			productReference = 5B259CC61D6630E0001D755F /* ProductViewer.app */;
			productType = "com.apple.product-type.application";
		};
		CCABC83926D5EBF500700656 /* ProductViewerUnitTests */ = {
			isa = PBXNativeTarget;
			buildConfigurationList = CCABC84326D5EBF500700656 /* Build configuration list for PBXNativeTarget "ProductViewerUnitTests" */;
			buildPhases = (
				CCABC83626D5EBF500700656 /* Sources */,
				CCABC83726D5EBF500700656 /* Frameworks */,
				CCABC83826D5EBF500700656 /* Resources */,
			);
			buildRules = (
			);
			dependencies = (
				CCABC84026D5EBF500700656 /* PBXTargetDependency */,
			);
			name = ProductViewerUnitTests;
			productName = ProductViewerUnitTests;
			productReference = CCABC83A26D5EBF500700656 /* ProductViewerUnitTests.xctest */;
			productType = "com.apple.product-type.bundle.unit-test";
		};
/* End PBXNativeTarget section */

/* Begin PBXProject section */
		5B259CBE1D6630E0001D755F /* Project object */ = {
			isa = PBXProject;
			attributes = {
				LastSwiftUpdateCheck = 1220;
				LastUpgradeCheck = 1100;
				ORGANIZATIONNAME = Target;
				TargetAttributes = {
					5B259CC51D6630E0001D755F = {
						CreatedOnToolsVersion = 7.3.1;
						LastSwiftMigration = 0830;
					};
					CCABC83926D5EBF500700656 = {
						CreatedOnToolsVersion = 12.2;
						TestTargetID = 5B259CC51D6630E0001D755F;
					};
				};
			};
			buildConfigurationList = 5B259CC11D6630E0001D755F /* Build configuration list for PBXProject "ProductViewer" */;
			compatibilityVersion = "Xcode 3.2";
			developmentRegion = en;
			hasScannedForEncodings = 0;
			knownRegions = (
				en,
				Base,
			);
			mainGroup = 5B259CBD1D6630E0001D755F;
			packageReferences = (
				CC42A00126D2B6C00031B747 /* XCRemoteSwiftPackageReference "SDWebImage" */,
			);
			productRefGroup = 5B259CC71D6630E0001D755F /* Products */;
			projectDirPath = "";
			projectRoot = "";
			targets = (
				5B259CC51D6630E0001D755F /* ProductViewer */,
				CCABC83926D5EBF500700656 /* ProductViewerUnitTests */,
			);
		};
/* End PBXProject section */

/* Begin PBXResourcesBuildPhase section */
		5B259CC41D6630E0001D755F /* Resources */ = {
			isa = PBXResourcesBuildPhase;
			buildActionMask = 2147483647;
			files = (
				5B259CD41D6630E0001D755F /* LaunchScreen.storyboard in Resources */,
				CC42A00E26D2D6BB0031B747 /* DetailView.xib in Resources */,
				5B259CD11D6630E0001D755F /* Assets.xcassets in Resources */,
				5BEF08211D6635B2006BF0C0 /* ProductListView.xib in Resources */,
			);
			runOnlyForDeploymentPostprocessing = 0;
		};
		CCABC83826D5EBF500700656 /* Resources */ = {
			isa = PBXResourcesBuildPhase;
			buildActionMask = 2147483647;
			files = (
			);
			runOnlyForDeploymentPostprocessing = 0;
		};
/* End PBXResourcesBuildPhase section */

/* Begin PBXSourcesBuildPhase section */
		5B259CC21D6630E0001D755F /* Sources */ = {
			isa = PBXSourcesBuildPhase;
			buildActionMask = 2147483647;
			files = (
				5BEF08161D66333C006BF0C0 /* ListViewState.swift in Sources */,
				CC42A00926D2D5D60031B747 /* DealsService.swift in Sources */,
				CCBA45E826D0C7C800951A31 /* Service.swift in Sources */,
				5B259CCA1D6630E0001D755F /* AppDelegate.swift in Sources */,
				CCFC756126D172080030A044 /* DetailViewController.swift in Sources */,
				CCFC755E26D120F20030A044 /* DetailCoordinator.swift in Sources */,
				CC42A01626D3561B0031B747 /* DetailComponent.swift in Sources */,
				CC42A00626D2D5B20031B747 /* DealsDetailsService.swift in Sources */,
				5BEF081F1D663598006BF0C0 /* ProductListView.swift in Sources */,
				5B302A8F1D663A8500FA2FFD /* ProductListComponent.swift in Sources */,
				5BEF08141D663304006BF0C0 /* ListViewController.swift in Sources */,
				CCBA45EC26D0CDDC00951A31 /* ProductResponse.swift in Sources */,
				5BEF08121D6632EC006BF0C0 /* ListCoordinator.swift in Sources */,
				CC42A01126D2DC640031B747 /* DetailView.swift in Sources */,
				5B2675A21D674B400015A238 /* ListEvents.swift in Sources */,
				CCABC84726D6B2E300700656 /* DetailViewState.swift in Sources */,
			);
			runOnlyForDeploymentPostprocessing = 0;
		};
		CCABC83626D5EBF500700656 /* Sources */ = {
			isa = PBXSourcesBuildPhase;
			buildActionMask = 2147483647;
			files = (
				CCABC83D26D5EBF500700656 /* ProductViewerUnitTests.swift in Sources */,
			);
			runOnlyForDeploymentPostprocessing = 0;
		};
/* End PBXSourcesBuildPhase section */

/* Begin PBXTargetDependency section */
		CCABC84026D5EBF500700656 /* PBXTargetDependency */ = {
			isa = PBXTargetDependency;
			target = 5B259CC51D6630E0001D755F /* ProductViewer */;
			targetProxy = CCABC83F26D5EBF500700656 /* PBXContainerItemProxy */;
		};
/* End PBXTargetDependency section */

/* Begin PBXVariantGroup section */
		5B259CD21D6630E0001D755F /* LaunchScreen.storyboard */ = {
			isa = PBXVariantGroup;
			children = (
				5B259CD31D6630E0001D755F /* Base */,
			);
			name = LaunchScreen.storyboard;
			sourceTree = "<group>";
		};
/* End PBXVariantGroup section */

/* Begin XCBuildConfiguration section */
		5B259CD61D6630E0001D755F /* Debug */ = {
			isa = XCBuildConfiguration;
			buildSettings = {
				ALWAYS_SEARCH_USER_PATHS = NO;
				CLANG_ANALYZER_NONNULL = YES;
				CLANG_CXX_LANGUAGE_STANDARD = "gnu++0x";
				CLANG_CXX_LIBRARY = "libc++";
				CLANG_ENABLE_MODULES = YES;
				CLANG_ENABLE_OBJC_ARC = YES;
				CLANG_WARN_BLOCK_CAPTURE_AUTORELEASING = YES;
				CLANG_WARN_BOOL_CONVERSION = YES;
				CLANG_WARN_COMMA = YES;
				CLANG_WARN_CONSTANT_CONVERSION = YES;
				CLANG_WARN_DEPRECATED_OBJC_IMPLEMENTATIONS = YES;
				CLANG_WARN_DIRECT_OBJC_ISA_USAGE = YES_ERROR;
				CLANG_WARN_EMPTY_BODY = YES;
				CLANG_WARN_ENUM_CONVERSION = YES;
				CLANG_WARN_INFINITE_RECURSION = YES;
				CLANG_WARN_INT_CONVERSION = YES;
				CLANG_WARN_NON_LITERAL_NULL_CONVERSION = YES;
				CLANG_WARN_OBJC_IMPLICIT_RETAIN_SELF = YES;
				CLANG_WARN_OBJC_LITERAL_CONVERSION = YES;
				CLANG_WARN_OBJC_ROOT_CLASS = YES_ERROR;
				CLANG_WARN_RANGE_LOOP_ANALYSIS = YES;
				CLANG_WARN_STRICT_PROTOTYPES = YES;
				CLANG_WARN_SUSPICIOUS_MOVE = YES;
				CLANG_WARN_UNREACHABLE_CODE = YES;
				CLANG_WARN__DUPLICATE_METHOD_MATCH = YES;
				"CODE_SIGN_IDENTITY[sdk=iphoneos*]" = "iPhone Developer";
				COPY_PHASE_STRIP = NO;
				DEBUG_INFORMATION_FORMAT = dwarf;
				ENABLE_STRICT_OBJC_MSGSEND = YES;
				ENABLE_TESTABILITY = YES;
				GCC_C_LANGUAGE_STANDARD = gnu99;
				GCC_DYNAMIC_NO_PIC = NO;
				GCC_NO_COMMON_BLOCKS = YES;
				GCC_OPTIMIZATION_LEVEL = 0;
				GCC_PREPROCESSOR_DEFINITIONS = (
					"DEBUG=1",
					"$(inherited)",
				);
				GCC_WARN_64_TO_32_BIT_CONVERSION = YES;
				GCC_WARN_ABOUT_RETURN_TYPE = YES_ERROR;
				GCC_WARN_UNDECLARED_SELECTOR = YES;
				GCC_WARN_UNINITIALIZED_AUTOS = YES_AGGRESSIVE;
				GCC_WARN_UNUSED_FUNCTION = YES;
				GCC_WARN_UNUSED_VARIABLE = YES;
				IPHONEOS_DEPLOYMENT_TARGET = 10.0;
				MTL_ENABLE_DEBUG_INFO = YES;
				ONLY_ACTIVE_ARCH = YES;
				SDKROOT = iphoneos;
				SWIFT_OPTIMIZATION_LEVEL = "-Onone";
				TARGETED_DEVICE_FAMILY = "1,2";
			};
			name = Debug;
		};
		5B259CD71D6630E0001D755F /* Release */ = {
			isa = XCBuildConfiguration;
			buildSettings = {
				ALWAYS_SEARCH_USER_PATHS = NO;
				CLANG_ANALYZER_NONNULL = YES;
				CLANG_CXX_LANGUAGE_STANDARD = "gnu++0x";
				CLANG_CXX_LIBRARY = "libc++";
				CLANG_ENABLE_MODULES = YES;
				CLANG_ENABLE_OBJC_ARC = YES;
				CLANG_WARN_BLOCK_CAPTURE_AUTORELEASING = YES;
				CLANG_WARN_BOOL_CONVERSION = YES;
				CLANG_WARN_COMMA = YES;
				CLANG_WARN_CONSTANT_CONVERSION = YES;
				CLANG_WARN_DEPRECATED_OBJC_IMPLEMENTATIONS = YES;
				CLANG_WARN_DIRECT_OBJC_ISA_USAGE = YES_ERROR;
				CLANG_WARN_EMPTY_BODY = YES;
				CLANG_WARN_ENUM_CONVERSION = YES;
				CLANG_WARN_INFINITE_RECURSION = YES;
				CLANG_WARN_INT_CONVERSION = YES;
				CLANG_WARN_NON_LITERAL_NULL_CONVERSION = YES;
				CLANG_WARN_OBJC_IMPLICIT_RETAIN_SELF = YES;
				CLANG_WARN_OBJC_LITERAL_CONVERSION = YES;
				CLANG_WARN_OBJC_ROOT_CLASS = YES_ERROR;
				CLANG_WARN_RANGE_LOOP_ANALYSIS = YES;
				CLANG_WARN_STRICT_PROTOTYPES = YES;
				CLANG_WARN_SUSPICIOUS_MOVE = YES;
				CLANG_WARN_UNREACHABLE_CODE = YES;
				CLANG_WARN__DUPLICATE_METHOD_MATCH = YES;
				"CODE_SIGN_IDENTITY[sdk=iphoneos*]" = "";
				COPY_PHASE_STRIP = NO;
				DEBUG_INFORMATION_FORMAT = "dwarf-with-dsym";
				ENABLE_NS_ASSERTIONS = NO;
				ENABLE_STRICT_OBJC_MSGSEND = YES;
				GCC_C_LANGUAGE_STANDARD = gnu99;
				GCC_NO_COMMON_BLOCKS = YES;
				GCC_WARN_64_TO_32_BIT_CONVERSION = YES;
				GCC_WARN_ABOUT_RETURN_TYPE = YES_ERROR;
				GCC_WARN_UNDECLARED_SELECTOR = YES;
				GCC_WARN_UNINITIALIZED_AUTOS = YES_AGGRESSIVE;
				GCC_WARN_UNUSED_FUNCTION = YES;
				GCC_WARN_UNUSED_VARIABLE = YES;
				IPHONEOS_DEPLOYMENT_TARGET = 10.0;
				MTL_ENABLE_DEBUG_INFO = NO;
				SDKROOT = iphoneos;
				SWIFT_COMPILATION_MODE = wholemodule;
				TARGETED_DEVICE_FAMILY = "1,2";
				VALIDATE_PRODUCT = YES;
			};
			name = Release;
		};
		5B259CD91D6630E0001D755F /* Debug */ = {
			isa = XCBuildConfiguration;
			buildSettings = {
				ASSETCATALOG_COMPILER_APPICON_NAME = AppIcon;
				INFOPLIST_FILE = ProductViewer/Info.plist;
				IPHONEOS_DEPLOYMENT_TARGET = 13.0;
				LD_RUNPATH_SEARCH_PATHS = (
					"$(inherited)",
					"@executable_path/Frameworks",
				);
				MARKETING_VERSION = 2.1;
				PRODUCT_BUNDLE_IDENTIFIER = com.target.ProductViewer;
				PRODUCT_NAME = "$(TARGET_NAME)";
				SWIFT_VERSION = 5.0;
				TARGETED_DEVICE_FAMILY = 1;
			};
			name = Debug;
		};
		5B259CDA1D6630E0001D755F /* Release */ = {
			isa = XCBuildConfiguration;
			buildSettings = {
				ASSETCATALOG_COMPILER_APPICON_NAME = AppIcon;
				INFOPLIST_FILE = ProductViewer/Info.plist;
				IPHONEOS_DEPLOYMENT_TARGET = 13.0;
				LD_RUNPATH_SEARCH_PATHS = (
					"$(inherited)",
					"@executable_path/Frameworks",
				);
				MARKETING_VERSION = 2.1;
				PRODUCT_BUNDLE_IDENTIFIER = com.target.ProductViewer;
				PRODUCT_NAME = "$(TARGET_NAME)";
				SWIFT_VERSION = 5.0;
				TARGETED_DEVICE_FAMILY = 1;
			};
			name = Release;
		};
		CCABC84126D5EBF500700656 /* Debug */ = {
			isa = XCBuildConfiguration;
			buildSettings = {
				BUNDLE_LOADER = "$(TEST_HOST)";
				CLANG_ANALYZER_NUMBER_OBJECT_CONVERSION = YES_AGGRESSIVE;
				CLANG_CXX_LANGUAGE_STANDARD = "gnu++14";
				CLANG_ENABLE_OBJC_WEAK = YES;
				CLANG_WARN_DOCUMENTATION_COMMENTS = YES;
				CLANG_WARN_QUOTED_INCLUDE_IN_FRAMEWORK_HEADER = YES;
				CLANG_WARN_UNGUARDED_AVAILABILITY = YES_AGGRESSIVE;
				CODE_SIGN_STYLE = Automatic;
				GCC_C_LANGUAGE_STANDARD = gnu11;
				INFOPLIST_FILE = ProductViewerUnitTests/Info.plist;
				IPHONEOS_DEPLOYMENT_TARGET = 14.2;
				LD_RUNPATH_SEARCH_PATHS = (
					"$(inherited)",
					"@executable_path/Frameworks",
					"@loader_path/Frameworks",
				);
				MTL_ENABLE_DEBUG_INFO = INCLUDE_SOURCE;
				MTL_FAST_MATH = YES;
				PRODUCT_BUNDLE_IDENTIFIER = "com.ios-case-study.ProductViewerUnitTests";
				PRODUCT_NAME = "$(TARGET_NAME)";
				SWIFT_ACTIVE_COMPILATION_CONDITIONS = DEBUG;
				SWIFT_VERSION = 5.0;
				TARGETED_DEVICE_FAMILY = "1,2";
				TEST_HOST = "$(BUILT_PRODUCTS_DIR)/ProductViewer.app/ProductViewer";
			};
			name = Debug;
		};
		CCABC84226D5EBF500700656 /* Release */ = {
			isa = XCBuildConfiguration;
			buildSettings = {
				BUNDLE_LOADER = "$(TEST_HOST)";
				CLANG_ANALYZER_NUMBER_OBJECT_CONVERSION = YES_AGGRESSIVE;
				CLANG_CXX_LANGUAGE_STANDARD = "gnu++14";
				CLANG_ENABLE_OBJC_WEAK = YES;
				CLANG_WARN_DOCUMENTATION_COMMENTS = YES;
				CLANG_WARN_QUOTED_INCLUDE_IN_FRAMEWORK_HEADER = YES;
				CLANG_WARN_UNGUARDED_AVAILABILITY = YES_AGGRESSIVE;
				CODE_SIGN_STYLE = Automatic;
				GCC_C_LANGUAGE_STANDARD = gnu11;
				INFOPLIST_FILE = ProductViewerUnitTests/Info.plist;
				IPHONEOS_DEPLOYMENT_TARGET = 14.2;
				LD_RUNPATH_SEARCH_PATHS = (
					"$(inherited)",
					"@executable_path/Frameworks",
					"@loader_path/Frameworks",
				);
				MTL_FAST_MATH = YES;
				PRODUCT_BUNDLE_IDENTIFIER = "com.ios-case-study.ProductViewerUnitTests";
				PRODUCT_NAME = "$(TARGET_NAME)";
				SWIFT_OPTIMIZATION_LEVEL = "-O";
				SWIFT_VERSION = 5.0;
				TARGETED_DEVICE_FAMILY = "1,2";
				TEST_HOST = "$(BUILT_PRODUCTS_DIR)/ProductViewer.app/ProductViewer";
			};
			name = Release;
		};
/* End XCBuildConfiguration section */

/* Begin XCConfigurationList section */
		5B259CC11D6630E0001D755F /* Build configuration list for PBXProject "ProductViewer" */ = {
			isa = XCConfigurationList;
			buildConfigurations = (
				5B259CD61D6630E0001D755F /* Debug */,
				5B259CD71D6630E0001D755F /* Release */,
			);
			defaultConfigurationIsVisible = 0;
			defaultConfigurationName = Release;
		};
		5B259CD81D6630E0001D755F /* Build configuration list for PBXNativeTarget "ProductViewer" */ = {
			isa = XCConfigurationList;
			buildConfigurations = (
				5B259CD91D6630E0001D755F /* Debug */,
				5B259CDA1D6630E0001D755F /* Release */,
			);
			defaultConfigurationIsVisible = 0;
			defaultConfigurationName = Release;
		};
		CCABC84326D5EBF500700656 /* Build configuration list for PBXNativeTarget "ProductViewerUnitTests" */ = {
			isa = XCConfigurationList;
			buildConfigurations = (
				CCABC84126D5EBF500700656 /* Debug */,
				CCABC84226D5EBF500700656 /* Release */,
			);
			defaultConfigurationIsVisible = 0;
			defaultConfigurationName = Release;
		};
/* End XCConfigurationList section */

/* Begin XCRemoteSwiftPackageReference section */
		CC42A00126D2B6C00031B747 /* XCRemoteSwiftPackageReference "SDWebImage" */ = {
			isa = XCRemoteSwiftPackageReference;
			repositoryURL = "https://github.com/SDWebImage/SDWebImage";
			requirement = {
				branch = master;
				kind = branch;
			};
		};
/* End XCRemoteSwiftPackageReference section */

/* Begin XCSwiftPackageProductDependency section */
		CC42A00226D2B6C00031B747 /* SDWebImage */ = {
			isa = XCSwiftPackageProductDependency;
			package = CC42A00126D2B6C00031B747 /* XCRemoteSwiftPackageReference "SDWebImage" */;
			productName = SDWebImage;
		};
/* End XCSwiftPackageProductDependency section */
	};
	rootObject = 5B259CBE1D6630E0001D755F /* Project object */;
}
